
Microsoft Visual Studio Solution File, Format Version 12.00
# Visual Studio 2012
Project("{FAE04EC0-301F-11D3-BF4B-00C04F79EFBC}") = "bbv.CleanCodeWorkshop", "bbv.CleanCodeWorkshop\bbv.CleanCodeWorkshop.csproj", "{1C69E127-89F2-4866-B23A-EE620913C3DF}"
EndProject
Project("{FAE04EC0-301F-11D3-BF4B-00C04F79EFBC}") = "bbv.CleanCodeWorkshop.Test", "bbv.CleanCodeWorkshop.Test\bbv.CleanCodeWorkshop.Test.csproj", "{24F6082A-DDCB-493E-AEAA-C402BDF7298A}"
EndProject
Global
	GlobalSection(SolutionConfigurationPlatforms) = preSolution
		Debug|Any CPU = Debug|Any CPU
		Release|Any CPU = Release|Any CPU
	EndGlobalSection
	GlobalSection(ProjectConfigurationPlatforms) = postSolution
		{1C69E127-89F2-4866-B23A-EE620913C3DF}.Debug|Any CPU.ActiveCfg = Debug|Any CPU
		{1C69E127-89F2-4866-B23A-EE620913C3DF}.Debug|Any CPU.Build.0 = Debug|Any CPU
		{1C69E127-89F2-4866-B23A-EE620913C3DF}.Release|Any CPU.ActiveCfg = Release|Any CPU
		{1C69E127-89F2-4866-B23A-EE620913C3DF}.Release|Any CPU.Build.0 = Release|Any CPU
		{24F6082A-DDCB-493E-AEAA-C402BDF7298A}.Debug|Any CPU.ActiveCfg = Debug|Any CPU
		{24F6082A-DDCB-493E-AEAA-C402BDF7298A}.Debug|Any CPU.Build.0 = Debug|Any CPU
		{24F6082A-DDCB-493E-AEAA-C402BDF7298A}.Release|Any CPU.ActiveCfg = Release|Any CPU
		{24F6082A-DDCB-493E-AEAA-C402BDF7298A}.Release|Any CPU.Build.0 = Release|Any CPU
	EndGlobalSection
	GlobalSection(SolutionProperties) = preSolution
		HideSolutionNode = FALSE
	EndGlobalSection
EndGlobal
